<?xml version="1.0" encoding="utf-8"?>
<Project ToolsVersion="4.0" xmlns="http://schemas.microsoft.com/developer/msbuild/2003">
  <ItemGroup>
    <Filter Include="Fichiers sources">
      <UniqueIdentifier>{4FC737F1-C7A5-4376-A066-2A32D752A2FF}</UniqueIdentifier>
      <Extensions>cpp;c;cc;cxx;def;odl;idl;hpj;bat;asm;asmx</Extensions>
    </Filter>
    <Filter Include="Fichiers d%27en-tête">
      <UniqueIdentifier>{93995380-89BD-4b04-88EB-625FBE52EBFB}</UniqueIdentifier>
      <Extensions>h;hh;hpp;hxx;hm;inl;inc;xsd</Extensions>
    </Filter>
    <Filter Include="Fichiers de ressources">
      <UniqueIdentifier>{67DA6AB6-F800-4c08-8B7A-83BB121AAD01}</UniqueIdentifier>
      <Extensions>rc;ico;cur;bmp;dlg;rc2;rct;bin;rgs;gif;jpg;jpeg;jpe;resx;tiff;tif;png;wav;mfcribbon-ms</Extensions>
    </Filter>
    <Filter Include="Shaders">
      <UniqueIdentifier>{4d191dfc-1b10-49e1-a0ff-398cff979612}</UniqueIdentifier>
    </Filter>
    <Filter Include="Scene">
      <UniqueIdentifier>{50dfe06f-5884-4031-a38b-4b495a0d88ce}</UniqueIdentifier>
    </Filter>
    <Filter Include="GLobj">
      <UniqueIdentifier>{29853af1-fc48-4481-a053-d966e2951af6}</UniqueIdentifier>
    </Filter>
  </ItemGroup>
  <ItemGroup>
    <ClCompile Include="main.cpp">
      <Filter>Fichiers sources</Filter>
    </ClCompile>
    <ClCompile Include="Shader.cpp">
      <Filter>Shaders</Filter>
    </ClCompile>
    <ClCompile Include="ShaderProgram.cpp">
      <Filter>Shaders</Filter>
    </ClCompile>
    <ClCompile Include="Mesh.cpp">
      <Filter>GLobj</Filter>
    </ClCompile>
    <ClCompile Include="VBO.cpp">
      <Filter>GLobj</Filter>
    </ClCompile>
    <ClCompile Include="VAO.cpp">
      <Filter>GLobj</Filter>
    </ClCompile>
    <ClCompile Include="Camera.cpp">
      <Filter>Scene</Filter>
    </ClCompile>
    <ClCompile Include="Scene.cpp">
      <Filter>Scene</Filter>
    </ClCompile>
    <ClCompile Include="Texture.cpp">
      <Filter>GLobj</Filter>
    </ClCompile>
    <ClCompile Include="Engine.cpp">
      <Filter>Fichiers sources</Filter>
    </ClCompile>
    <ClCompile Include="CubeMap.cpp">
      <Filter>GLobj</Filter>
    </ClCompile>
    <ClCompile Include="EngineUtils.cpp">
      <Filter>Fichiers sources</Filter>
    </ClCompile>
    <ClCompile Include="FBO.cpp">
      <Filter>GLobj</Filter>
    </ClCompile>
    <ClCompile Include="RBO.cpp">
      <Filter>GLobj</Filter>
    </ClCompile>
    <ClCompile Include="Entity.cpp">
      <Filter>Scene</Filter>
    </ClCompile>
    <ClCompile Include="Loader.cpp">
      <Filter>Fichiers sources</Filter>
    </ClCompile>
    <ClCompile Include="TBO.cpp">
      <Filter>Fichiers sources</Filter>
    </ClCompile>
    <ClCompile Include="SoundManager.cpp">
      <Filter>Fichiers sources</Filter>
    </ClCompile>
  </ItemGroup>
  <ItemGroup>
    <ClInclude Include="Shader.h">
      <Filter>Shaders</Filter>
    </ClInclude>
    <ClInclude Include="ShaderProgram.h">
      <Filter>Shaders</Filter>
    </ClInclude>
    <ClInclude Include="Mesh.h">
      <Filter>GLobj</Filter>
    </ClInclude>
    <ClInclude Include="VBO.h">
      <Filter>GLobj</Filter>
    </ClInclude>
    <ClInclude Include="VAO.h">
      <Filter>GLobj</Filter>
    </ClInclude>
    <ClInclude Include="Camera.h">
      <Filter>Scene</Filter>
    </ClInclude>
    <ClInclude Include="Scene.h">
      <Filter>Scene</Filter>
    </ClInclude>
    <ClInclude Include="Texture.h">
      <Filter>GLobj</Filter>
    </ClInclude>
    <ClInclude Include="Engine.h">
      <Filter>Fichiers d%27en-tête</Filter>
    </ClInclude>
    <ClInclude Include="CubeMap.h">
      <Filter>GLobj</Filter>
    </ClInclude>
    <ClInclude Include="EngineUtils.h">
      <Filter>Fichiers d%27en-tête</Filter>
    </ClInclude>
    <ClInclude Include="FBO.h">
      <Filter>GLobj</Filter>
    </ClInclude>
    <ClInclude Include="RBO.h">
      <Filter>GLobj</Filter>
    </ClInclude>
    <ClInclude Include="Entity.h">
      <Filter>Scene</Filter>
    </ClInclude>
    <ClInclude Include="Loader.h">
      <Filter>Fichiers d%27en-tête</Filter>
    </ClInclude>
    <ClInclude Include="TBO.h">
      <Filter>Fichiers d%27en-tête</Filter>
    </ClInclude>
    <ClInclude Include="SoundManager.h">
      <Filter>Fichiers d%27en-tête</Filter>
    </ClInclude>
  </ItemGroup>
  <ItemGroup>
    <None Include="simpleColor.frag">
      <Filter>Shaders</Filter>
    </None>
    <None Include="simpleColor.vert">
      <Filter>Shaders</Filter>
    </None>
    <None Include="simpleShadow.vert">
      <Filter>Shaders</Filter>
    </None>
    <None Include="simpleShadow.frag">
      <Filter>Shaders</Filter>
    </None>
    <None Include="simpleTextured.frag">
      <Filter>Shaders</Filter>
    </None>
    <None Include="simpleTextured.vert">
      <Filter>Shaders</Filter>
    </None>
    <None Include="forceColor.frag">
      <Filter>Shaders</Filter>
    </None>
    <None Include="forceColor.vert">
      <Filter>Shaders</Filter>
    </None>
    <None Include="skybox.frag">
      <Filter>Shaders</Filter>
    </None>
    <None Include="skybox.vert">
      <Filter>Shaders</Filter>
    </None>
    <None Include="basic.frag">
      <Filter>Shaders</Filter>
    </None>
    <None Include="basic.vert">
      <Filter>Shaders</Filter>
    </None>
    <None Include="deferredGeometry.frag">
      <Filter>Shaders</Filter>
    </None>
    <None Include="deferredGeometry.vert">
      <Filter>Shaders</Filter>
    </None>
    <None Include="deferredLighting.frag">
      <Filter>Shaders</Filter>
    </None>
    <None Include="deferredLighting.vert">
      <Filter>Shaders</Filter>
    </None>
    <None Include="ssao.frag">
      <Filter>Shaders</Filter>
    </None>
    <None Include="ssao.vert">
      <Filter>Shaders</Filter>
    </None>
    <None Include="blur.frag">
      <Filter>Shaders</Filter>
    </None>
    <None Include="blur.vert">
      <Filter>Shaders</Filter>
    </None>
  </ItemGroup>
  <ItemGroup>
    <Text Include="Map.txt">
      <Filter>Fichiers de ressources</Filter>
    </Text>
    <Text Include="MeshLoader.txt">
      <Filter>Fichiers de ressources</Filter>
    </Text>
    <Text Include="Shaders.txt">
      <Filter>Fichiers de ressources</Filter>
    </Text>
  </ItemGroup>
</Project>